
Microsoft Visual Studio Solution File, Format Version 12.00
# Visual Studio Version 17
VisualStudioVersion = 17.11.35327.3
MinimumVisualStudioVersion = 10.0.40219.1
Project("{9A19103F-16F7-4668-BE54-9A1E7A4F7556}") = "GymManagerBlazor.BUS", "GymManagerBlazor.BUS\GymManagerBlazor.BUS.csproj", "{BC8DACBD-B0BA-4F47-A771-98F9D2B21313}"
EndProject
Project("{9A19103F-16F7-4668-BE54-9A1E7A4F7556}") = "GymManagerBlazor.PL", "GymManagerBlazor.PL\GymManagerBlazor.PL.csproj", "{68F4B675-9960-4EF9-A2CB-1DD3CE9BB87F}"
EndProject
Project("{9A19103F-16F7-4668-BE54-9A1E7A4F7556}") = "GymManagerBlazor.DAL", "GymManagerBlazor.DAL\GymManagerBlazor.DAL.csproj", "{ED0EAE6D-B3A6-4C6D-964E-163AF19565B3}"
EndProject
Global
	GlobalSection(SolutionConfigurationPlatforms) = preSolution
		Debug|Any CPU = Debug|Any CPU
		Release|Any CPU = Release|Any CPU
	EndGlobalSection
	GlobalSection(ProjectConfigurationPlatforms) = postSolution
		{BC8DACBD-B0BA-4F47-A771-98F9D2B21313}.Debug|Any CPU.ActiveCfg = Debug|Any CPU
		{BC8DACBD-B0BA-4F47-A771-98F9D2B21313}.Debug|Any CPU.Build.0 = Debug|Any CPU
		{BC8DACBD-B0BA-4F47-A771-98F9D2B21313}.Release|Any CPU.ActiveCfg = Release|Any CPU
		{BC8DACBD-B0BA-4F47-A771-98F9D2B21313}.Release|Any CPU.Build.0 = Release|Any CPU
		{68F4B675-9960-4EF9-A2CB-1DD3CE9BB87F}.Debug|Any CPU.ActiveCfg = Debug|Any CPU
		{68F4B675-9960-4EF9-A2CB-1DD3CE9BB87F}.Debug|Any CPU.Build.0 = Debug|Any CPU
		{68F4B675-9960-4EF9-A2CB-1DD3CE9BB87F}.Release|Any CPU.ActiveCfg = Release|Any CPU
		{68F4B675-9960-4EF9-A2CB-1DD3CE9BB87F}.Release|Any CPU.Build.0 = Release|Any CPU
		{ED0EAE6D-B3A6-4C6D-964E-163AF19565B3}.Debug|Any CPU.ActiveCfg = Debug|Any CPU
		{ED0EAE6D-B3A6-4C6D-964E-163AF19565B3}.Debug|Any CPU.Build.0 = Debug|Any CPU
		{ED0EAE6D-B3A6-4C6D-964E-163AF19565B3}.Release|Any CPU.ActiveCfg = Release|Any CPU
		{ED0EAE6D-B3A6-4C6D-964E-163AF19565B3}.Release|Any CPU.Build.0 = Release|Any CPU
	EndGlobalSection
	GlobalSection(SolutionProperties) = preSolution
		HideSolutionNode = FALSE
	EndGlobalSection
	GlobalSection(ExtensibilityGlobals) = postSolution
		SolutionGuid = {E7D35BB5-1AE0-478A-86E3-646DD3C1C11D}
	EndGlobalSection
EndGlobal
